%{
  "b3": {:hex, :b3, "0.1.0", "aeddee919623b34877eaf572e37d1851fcfa70ee9ed872ed20a50c85646d601c", [:mix], [], "hexpm", "9a65040070032f4be28ef154f320c36746d383638853056ea7cfbc9a187109ec"},
  "jason": {:hex, :jason, "1.4.4", "b9226785a9aa77b6857ca22832cffa5d5011a667207eb2a0ad56adb5db443b8a", [:mix], [{:decimal, "~> 1.0 or ~> 2.0", [hex: :decimal, repo: "hexpm", optional: true]}], "hexpm", "c5eb0cab91f094599f94d55bc63409236a8ec69a21a67814529e8d5f6cc90b3b"},
  "rustler": {:hex, :rustler, "0.37.3", "5f4e6634d43b26f0a69834dd1d3ed4e1710b022a053bf4a670220c9540c92602", [:mix], [{:jason, "~> 1.0", [hex: :jason, repo: "hexpm", optional: false]}], "hexpm", "a6872c6f53dcf00486d1e7f9e046e20e01bf1654bdacc4193016c2e8002b32a2"},
  "telemetry": {:hex, :telemetry, "1.3.0", "fedebbae410d715cf8e7062c96a1ef32ec22e764197f70cda73d82778d61e7a2", [:rebar3], [], "hexpm", "7015fc8919dbe63764f4b4b87a95b7c0996bd539e0d499be6ec9d7f3875b79e6"},
  "toml_elixir": {:hex, :toml_elixir, "3.1.0", "7e3d8803f1e27e0585b13f57e68a37f4b7437c0cf8ad868abd56f10def144dc1", [:mix], [], "hexpm", "95e676725c6d411dd079bb34e2167b505600930280d6c7a51f6000ea669c2f69"},
}
